
Microsoft Visual Studio Solution File, Format Version 12.00
# Visual Studio Version 16
VisualStudioVersion = 16.0.29102.190
MinimumVisualStudioVersion = 10.0.40219.1
Project("{FAE04EC0-301F-11D3-BF4B-00C04F79EFBC}") = "Tuples", "Tuples\Tuples.csproj", "{FB2351FC-E592-476A-9191-258F68706674}"
EndProject
Global
	GlobalSection(SolutionConfigurationPlatforms) = preSolution
		Debug|Any CPU = Debug|Any CPU
		Release|Any CPU = Release|Any CPU
	EndGlobalSection
	GlobalSection(ProjectConfigurationPlatforms) = postSolution
		{FB2351FC-E592-476A-9191-258F68706674}.Debug|Any CPU.ActiveCfg = Debug|Any CPU
		{FB2351FC-E592-476A-9191-258F68706674}.Debug|Any CPU.Build.0 = Debug|Any CPU
		{FB2351FC-E592-476A-9191-258F68706674}.Release|Any CPU.ActiveCfg = Release|Any CPU
		{FB2351FC-E592-476A-9191-258F68706674}.Release|Any CPU.Build.0 = Release|Any CPU
	EndGlobalSection
	GlobalSection(SolutionProperties) = preSolution
		HideSolutionNode = FALSE
	EndGlobalSection
	GlobalSection(ExtensibilityGlobals) = postSolution
		SolutionGuid = {851C99AB-992D-4925-AAF5-5330F5ABFCFD}
	EndGlobalSection
EndGlobal
